
Microsoft Visual Studio Solution File, Format Version 12.00
# Visual Studio Version 17
VisualStudioVersion = 17.0.31903.59
MinimumVisualStudioVersion = 10.0.40219.1
Project("{FAE04EC0-301F-11D3-BF4B-00C04F79EFBC}") = "MIC1", "MIC-1\MIC1.csproj", "{B8677CF5-89F5-4C45-9FF7-5D33DCD6E6F7}"
EndProject
Project("{FAE04EC0-301F-11D3-BF4B-00C04F79EFBC}") = "Tests", "Tests\Tests.csproj", "{D2582229-D004-46FC-BDB8-73D6C33BEE38}"
EndProject
Project("{FAE04EC0-301F-11D3-BF4B-00C04F79EFBC}") = "Terminal", "Terminal\Terminal.csproj", "{F98D8F39-C236-4836-BE07-017DDC29205F}"
EndProject
Project("{C7167F0D-BC9F-4E6E-AFE1-012C56B48DB5}") = "MicUI (Package)", "MicUI\MicUI (Package)\MicUI (Package).wapproj", "{2DEBB111-0F4C-4764-ACB6-E2E13412B801}"
EndProject
Project("{FAE04EC0-301F-11D3-BF4B-00C04F79EFBC}") = "MicUI", "MicUI\MicUI\MicUI.csproj", "{AF3C7681-E998-4FF2-9F98-7BDBD5B9AC8B}"
EndProject
Global
	GlobalSection(SolutionConfigurationPlatforms) = preSolution
		Debug|Any CPU = Debug|Any CPU
		Debug|ARM64 = Debug|ARM64
		Debug|x64 = Debug|x64
		Debug|x86 = Debug|x86
		Release|Any CPU = Release|Any CPU
		Release|ARM64 = Release|ARM64
		Release|x64 = Release|x64
		Release|x86 = Release|x86
	EndGlobalSection
	GlobalSection(ProjectConfigurationPlatforms) = postSolution
		{B8677CF5-89F5-4C45-9FF7-5D33DCD6E6F7}.Debug|Any CPU.ActiveCfg = Debug|Any CPU
		{B8677CF5-89F5-4C45-9FF7-5D33DCD6E6F7}.Debug|Any CPU.Build.0 = Debug|Any CPU
		{B8677CF5-89F5-4C45-9FF7-5D33DCD6E6F7}.Debug|ARM64.ActiveCfg = Debug|Any CPU
		{B8677CF5-89F5-4C45-9FF7-5D33DCD6E6F7}.Debug|ARM64.Build.0 = Debug|Any CPU
		{B8677CF5-89F5-4C45-9FF7-5D33DCD6E6F7}.Debug|x64.ActiveCfg = Debug|Any CPU
		{B8677CF5-89F5-4C45-9FF7-5D33DCD6E6F7}.Debug|x64.Build.0 = Debug|Any CPU
		{B8677CF5-89F5-4C45-9FF7-5D33DCD6E6F7}.Debug|x86.ActiveCfg = Debug|Any CPU
		{B8677CF5-89F5-4C45-9FF7-5D33DCD6E6F7}.Debug|x86.Build.0 = Debug|Any CPU
		{B8677CF5-89F5-4C45-9FF7-5D33DCD6E6F7}.Release|Any CPU.ActiveCfg = Release|Any CPU
		{B8677CF5-89F5-4C45-9FF7-5D33DCD6E6F7}.Release|Any CPU.Build.0 = Release|Any CPU
		{B8677CF5-89F5-4C45-9FF7-5D33DCD6E6F7}.Release|ARM64.ActiveCfg = Release|Any CPU
		{B8677CF5-89F5-4C45-9FF7-5D33DCD6E6F7}.Release|ARM64.Build.0 = Release|Any CPU
		{B8677CF5-89F5-4C45-9FF7-5D33DCD6E6F7}.Release|x64.ActiveCfg = Release|Any CPU
		{B8677CF5-89F5-4C45-9FF7-5D33DCD6E6F7}.Release|x64.Build.0 = Release|Any CPU
		{B8677CF5-89F5-4C45-9FF7-5D33DCD6E6F7}.Release|x86.ActiveCfg = Release|Any CPU
		{B8677CF5-89F5-4C45-9FF7-5D33DCD6E6F7}.Release|x86.Build.0 = Release|Any CPU
		{D2582229-D004-46FC-BDB8-73D6C33BEE38}.Debug|Any CPU.ActiveCfg = Debug|Any CPU
		{D2582229-D004-46FC-BDB8-73D6C33BEE38}.Debug|Any CPU.Build.0 = Debug|Any CPU
		{D2582229-D004-46FC-BDB8-73D6C33BEE38}.Debug|ARM64.ActiveCfg = Debug|Any CPU
		{D2582229-D004-46FC-BDB8-73D6C33BEE38}.Debug|ARM64.Build.0 = Debug|Any CPU
		{D2582229-D004-46FC-BDB8-73D6C33BEE38}.Debug|x64.ActiveCfg = Debug|Any CPU
		{D2582229-D004-46FC-BDB8-73D6C33BEE38}.Debug|x64.Build.0 = Debug|Any CPU
		{D2582229-D004-46FC-BDB8-73D6C33BEE38}.Debug|x86.ActiveCfg = Debug|Any CPU
		{D2582229-D004-46FC-BDB8-73D6C33BEE38}.Debug|x86.Build.0 = Debug|Any CPU
		{D2582229-D004-46FC-BDB8-73D6C33BEE38}.Release|Any CPU.ActiveCfg = Release|Any CPU
		{D2582229-D004-46FC-BDB8-73D6C33BEE38}.Release|Any CPU.Build.0 = Release|Any CPU
		{D2582229-D004-46FC-BDB8-73D6C33BEE38}.Release|ARM64.ActiveCfg = Release|Any CPU
		{D2582229-D004-46FC-BDB8-73D6C33BEE38}.Release|ARM64.Build.0 = Release|Any CPU
		{D2582229-D004-46FC-BDB8-73D6C33BEE38}.Release|x64.ActiveCfg = Release|Any CPU
		{D2582229-D004-46FC-BDB8-73D6C33BEE38}.Release|x64.Build.0 = Release|Any CPU
		{D2582229-D004-46FC-BDB8-73D6C33BEE38}.Release|x86.ActiveCfg = Release|Any CPU
		{D2582229-D004-46FC-BDB8-73D6C33BEE38}.Release|x86.Build.0 = Release|Any CPU
		{F98D8F39-C236-4836-BE07-017DDC29205F}.Debug|Any CPU.ActiveCfg = Debug|Any CPU
		{F98D8F39-C236-4836-BE07-017DDC29205F}.Debug|Any CPU.Build.0 = Debug|Any CPU
		{F98D8F39-C236-4836-BE07-017DDC29205F}.Debug|ARM64.ActiveCfg = Debug|Any CPU
		{F98D8F39-C236-4836-BE07-017DDC29205F}.Debug|ARM64.Build.0 = Debug|Any CPU
		{F98D8F39-C236-4836-BE07-017DDC29205F}.Debug|x64.ActiveCfg = Debug|Any CPU
		{F98D8F39-C236-4836-BE07-017DDC29205F}.Debug|x64.Build.0 = Debug|Any CPU
		{F98D8F39-C236-4836-BE07-017DDC29205F}.Debug|x86.ActiveCfg = Debug|Any CPU
		{F98D8F39-C236-4836-BE07-017DDC29205F}.Debug|x86.Build.0 = Debug|Any CPU
		{F98D8F39-C236-4836-BE07-017DDC29205F}.Release|Any CPU.ActiveCfg = Release|Any CPU
		{F98D8F39-C236-4836-BE07-017DDC29205F}.Release|Any CPU.Build.0 = Release|Any CPU
		{F98D8F39-C236-4836-BE07-017DDC29205F}.Release|ARM64.ActiveCfg = Release|Any CPU
		{F98D8F39-C236-4836-BE07-017DDC29205F}.Release|ARM64.Build.0 = Release|Any CPU
		{F98D8F39-C236-4836-BE07-017DDC29205F}.Release|x64.ActiveCfg = Release|Any CPU
		{F98D8F39-C236-4836-BE07-017DDC29205F}.Release|x64.Build.0 = Release|Any CPU
		{F98D8F39-C236-4836-BE07-017DDC29205F}.Release|x86.ActiveCfg = Release|Any CPU
		{F98D8F39-C236-4836-BE07-017DDC29205F}.Release|x86.Build.0 = Release|Any CPU
		{2DEBB111-0F4C-4764-ACB6-E2E13412B801}.Debug|Any CPU.ActiveCfg = Debug|x64
		{2DEBB111-0F4C-4764-ACB6-E2E13412B801}.Debug|Any CPU.Build.0 = Debug|x64
		{2DEBB111-0F4C-4764-ACB6-E2E13412B801}.Debug|Any CPU.Deploy.0 = Debug|x64
		{2DEBB111-0F4C-4764-ACB6-E2E13412B801}.Debug|ARM64.ActiveCfg = Debug|ARM64
		{2DEBB111-0F4C-4764-ACB6-E2E13412B801}.Debug|ARM64.Build.0 = Debug|ARM64
		{2DEBB111-0F4C-4764-ACB6-E2E13412B801}.Debug|ARM64.Deploy.0 = Debug|ARM64
		{2DEBB111-0F4C-4764-ACB6-E2E13412B801}.Debug|x64.ActiveCfg = Debug|x64
		{2DEBB111-0F4C-4764-ACB6-E2E13412B801}.Debug|x64.Build.0 = Debug|x64
		{2DEBB111-0F4C-4764-ACB6-E2E13412B801}.Debug|x64.Deploy.0 = Debug|x64
		{2DEBB111-0F4C-4764-ACB6-E2E13412B801}.Debug|x86.ActiveCfg = Debug|x86
		{2DEBB111-0F4C-4764-ACB6-E2E13412B801}.Debug|x86.Build.0 = Debug|x86
		{2DEBB111-0F4C-4764-ACB6-E2E13412B801}.Debug|x86.Deploy.0 = Debug|x86
		{2DEBB111-0F4C-4764-ACB6-E2E13412B801}.Release|Any CPU.ActiveCfg = Release|x64
		{2DEBB111-0F4C-4764-ACB6-E2E13412B801}.Release|Any CPU.Build.0 = Release|x64
		{2DEBB111-0F4C-4764-ACB6-E2E13412B801}.Release|Any CPU.Deploy.0 = Release|x64
		{2DEBB111-0F4C-4764-ACB6-E2E13412B801}.Release|ARM64.ActiveCfg = Release|ARM64
		{2DEBB111-0F4C-4764-ACB6-E2E13412B801}.Release|ARM64.Build.0 = Release|ARM64
		{2DEBB111-0F4C-4764-ACB6-E2E13412B801}.Release|ARM64.Deploy.0 = Release|ARM64
		{2DEBB111-0F4C-4764-ACB6-E2E13412B801}.Release|x64.ActiveCfg = Release|x64
		{2DEBB111-0F4C-4764-ACB6-E2E13412B801}.Release|x64.Build.0 = Release|x64
		{2DEBB111-0F4C-4764-ACB6-E2E13412B801}.Release|x64.Deploy.0 = Release|x64
		{2DEBB111-0F4C-4764-ACB6-E2E13412B801}.Release|x86.ActiveCfg = Release|x86
		{2DEBB111-0F4C-4764-ACB6-E2E13412B801}.Release|x86.Build.0 = Release|x86
		{2DEBB111-0F4C-4764-ACB6-E2E13412B801}.Release|x86.Deploy.0 = Release|x86
		{AF3C7681-E998-4FF2-9F98-7BDBD5B9AC8B}.Debug|Any CPU.ActiveCfg = Debug|x64
		{AF3C7681-E998-4FF2-9F98-7BDBD5B9AC8B}.Debug|Any CPU.Build.0 = Debug|x64
		{AF3C7681-E998-4FF2-9F98-7BDBD5B9AC8B}.Debug|ARM64.ActiveCfg = Debug|ARM64
		{AF3C7681-E998-4FF2-9F98-7BDBD5B9AC8B}.Debug|ARM64.Build.0 = Debug|ARM64
		{AF3C7681-E998-4FF2-9F98-7BDBD5B9AC8B}.Debug|x64.ActiveCfg = Debug|x64
		{AF3C7681-E998-4FF2-9F98-7BDBD5B9AC8B}.Debug|x64.Build.0 = Debug|x64
		{AF3C7681-E998-4FF2-9F98-7BDBD5B9AC8B}.Debug|x86.ActiveCfg = Debug|x86
		{AF3C7681-E998-4FF2-9F98-7BDBD5B9AC8B}.Debug|x86.Build.0 = Debug|x86
		{AF3C7681-E998-4FF2-9F98-7BDBD5B9AC8B}.Release|Any CPU.ActiveCfg = Release|x64
		{AF3C7681-E998-4FF2-9F98-7BDBD5B9AC8B}.Release|Any CPU.Build.0 = Release|x64
		{AF3C7681-E998-4FF2-9F98-7BDBD5B9AC8B}.Release|ARM64.ActiveCfg = Release|ARM64
		{AF3C7681-E998-4FF2-9F98-7BDBD5B9AC8B}.Release|ARM64.Build.0 = Release|ARM64
		{AF3C7681-E998-4FF2-9F98-7BDBD5B9AC8B}.Release|x64.ActiveCfg = Release|x64
		{AF3C7681-E998-4FF2-9F98-7BDBD5B9AC8B}.Release|x64.Build.0 = Release|x64
		{AF3C7681-E998-4FF2-9F98-7BDBD5B9AC8B}.Release|x86.ActiveCfg = Release|x86
		{AF3C7681-E998-4FF2-9F98-7BDBD5B9AC8B}.Release|x86.Build.0 = Release|x86
	EndGlobalSection
	GlobalSection(SolutionProperties) = preSolution
		HideSolutionNode = FALSE
	EndGlobalSection
EndGlobal
